
Microsoft Visual Studio Solution File, Format Version 12.00
# Visual Studio Version 17
VisualStudioVersion = 17.14.36408.4 d17.14
MinimumVisualStudioVersion = 10.0.40219.1
Project("{FAE04EC0-301F-11D3-BF4B-00C04F79EFBC}") = "StepToDrawing", "StepToDrawing\StepToDrawing.csproj", "{165493B8-0B71-4E09-BD3A-C8B6CF24A6FD}"
EndProject
Global
	GlobalSection(SolutionConfigurationPlatforms) = preSolution
		Debug|Any CPU = Debug|Any CPU
		Release|Any CPU = Release|Any CPU
	EndGlobalSection
	GlobalSection(ProjectConfigurationPlatforms) = postSolution
		{165493B8-0B71-4E09-BD3A-C8B6CF24A6FD}.Debug|Any CPU.ActiveCfg = Debug|Any CPU
		{165493B8-0B71-4E09-BD3A-C8B6CF24A6FD}.Debug|Any CPU.Build.0 = Debug|Any CPU
		{165493B8-0B71-4E09-BD3A-C8B6CF24A6FD}.Release|Any CPU.ActiveCfg = Release|Any CPU
		{165493B8-0B71-4E09-BD3A-C8B6CF24A6FD}.Release|Any CPU.Build.0 = Release|Any CPU
	EndGlobalSection
	GlobalSection(SolutionProperties) = preSolution
		HideSolutionNode = FALSE
	EndGlobalSection
	GlobalSection(ExtensibilityGlobals) = postSolution
		SolutionGuid = {15630F94-BF92-4228-AF13-93A17A0093EB}
	EndGlobalSection
EndGlobal
